
Microsoft Visual Studio Solution File, Format Version 12.00
# Visual Studio Version 17
VisualStudioVersion = 17.0.31903.59
MinimumVisualStudioVersion = 10.0.40219.1
Project("{2150E333-8FDC-42A3-9474-1A3956D46DE8}") = "src", "src", "{4CDC947E-C0E8-474F-8878-C80C67297876}"
EndProject
Project("{FAE04EC0-301F-11D3-BF4B-00C04F79EFBC}") = "FinanceApp.Domain", "src\FinanceApp.Domain\FinanceApp.Domain.csproj", "{BEC44B99-0E2D-4F67-BD42-642892B75804}"
EndProject
Project("{FAE04EC0-301F-11D3-BF4B-00C04F79EFBC}") = "FinanceApp.Application", "src\FinanceApp.Application\FinanceApp.Application.csproj", "{B7271B14-AC6F-40E8-9E33-E88244B23E00}"
EndProject
Project("{FAE04EC0-301F-11D3-BF4B-00C04F79EFBC}") = "FinanceApp.Infrastructure", "src\FinanceApp.Infrastructure\FinanceApp.Infrastructure.csproj", "{28082FF0-BAC2-4FE1-B25B-B5DFC56634F0}"
EndProject
Project("{FAE04EC0-301F-11D3-BF4B-00C04F79EFBC}") = "FinanceApp.API", "src\FinanceApp.API\FinanceApp.API.csproj", "{97F39B73-8899-4F18-B4BB-E575926765DA}"
EndProject
Project("{2150E333-8FDC-42A3-9474-1A3956D46DE8}") = "tests", "tests", "{20217E3C-05DB-42AB-8CD4-EBDD97AAF29B}"
EndProject
Project("{FAE04EC0-301F-11D3-BF4B-00C04F79EFBC}") = "FinanceApp.Domain.Tests", "tests\FinanceApp.Domain.Tests\FinanceApp.Domain.Tests.csproj", "{0DF503D9-35CC-4335-A3A4-78C70761EEAB}"
EndProject
Project("{FAE04EC0-301F-11D3-BF4B-00C04F79EFBC}") = "FinanceApp.Application.Tests", "tests\FinanceApp.Application.Tests\FinanceApp.Application.Tests.csproj", "{CE01EE57-4A09-43E6-8C27-B887E10A8AB4}"
EndProject
Project("{FAE04EC0-301F-11D3-BF4B-00C04F79EFBC}") = "FinanceApp.Infrastructure.Tests", "tests\FinanceApp.Infrastructure.Tests\FinanceApp.Infrastructure.Tests.csproj", "{F7AA208C-D377-4638-8C81-C91840563DA9}"
EndProject
Project("{FAE04EC0-301F-11D3-BF4B-00C04F79EFBC}") = "FinanceApp.API.Tests", "tests\FinanceApp.API.Tests\FinanceApp.API.Tests.csproj", "{F9407C2A-9B71-4EF7-A65C-7BA8FE9561F0}"
EndProject
Global
	GlobalSection(SolutionConfigurationPlatforms) = preSolution
		Debug|Any CPU = Debug|Any CPU
		Release|Any CPU = Release|Any CPU
	EndGlobalSection
	GlobalSection(SolutionProperties) = preSolution
		HideSolutionNode = FALSE
	EndGlobalSection
	GlobalSection(ProjectConfigurationPlatforms) = postSolution
		{BEC44B99-0E2D-4F67-BD42-642892B75804}.Debug|Any CPU.ActiveCfg = Debug|Any CPU
		{BEC44B99-0E2D-4F67-BD42-642892B75804}.Debug|Any CPU.Build.0 = Debug|Any CPU
		{BEC44B99-0E2D-4F67-BD42-642892B75804}.Release|Any CPU.ActiveCfg = Release|Any CPU
		{BEC44B99-0E2D-4F67-BD42-642892B75804}.Release|Any CPU.Build.0 = Release|Any CPU
		{B7271B14-AC6F-40E8-9E33-E88244B23E00}.Debug|Any CPU.ActiveCfg = Debug|Any CPU
		{B7271B14-AC6F-40E8-9E33-E88244B23E00}.Debug|Any CPU.Build.0 = Debug|Any CPU
		{B7271B14-AC6F-40E8-9E33-E88244B23E00}.Release|Any CPU.ActiveCfg = Release|Any CPU
		{B7271B14-AC6F-40E8-9E33-E88244B23E00}.Release|Any CPU.Build.0 = Release|Any CPU
		{28082FF0-BAC2-4FE1-B25B-B5DFC56634F0}.Debug|Any CPU.ActiveCfg = Debug|Any CPU
		{28082FF0-BAC2-4FE1-B25B-B5DFC56634F0}.Debug|Any CPU.Build.0 = Debug|Any CPU
		{28082FF0-BAC2-4FE1-B25B-B5DFC56634F0}.Release|Any CPU.ActiveCfg = Release|Any CPU
		{28082FF0-BAC2-4FE1-B25B-B5DFC56634F0}.Release|Any CPU.Build.0 = Release|Any CPU
		{97F39B73-8899-4F18-B4BB-E575926765DA}.Debug|Any CPU.ActiveCfg = Debug|Any CPU
		{97F39B73-8899-4F18-B4BB-E575926765DA}.Debug|Any CPU.Build.0 = Debug|Any CPU
		{97F39B73-8899-4F18-B4BB-E575926765DA}.Release|Any CPU.ActiveCfg = Release|Any CPU
		{97F39B73-8899-4F18-B4BB-E575926765DA}.Release|Any CPU.Build.0 = Release|Any CPU
		{0DF503D9-35CC-4335-A3A4-78C70761EEAB}.Debug|Any CPU.ActiveCfg = Debug|Any CPU
		{0DF503D9-35CC-4335-A3A4-78C70761EEAB}.Debug|Any CPU.Build.0 = Debug|Any CPU
		{0DF503D9-35CC-4335-A3A4-78C70761EEAB}.Release|Any CPU.ActiveCfg = Release|Any CPU
		{0DF503D9-35CC-4335-A3A4-78C70761EEAB}.Release|Any CPU.Build.0 = Release|Any CPU
		{CE01EE57-4A09-43E6-8C27-B887E10A8AB4}.Debug|Any CPU.ActiveCfg = Debug|Any CPU
		{CE01EE57-4A09-43E6-8C27-B887E10A8AB4}.Debug|Any CPU.Build.0 = Debug|Any CPU
		{CE01EE57-4A09-43E6-8C27-B887E10A8AB4}.Release|Any CPU.ActiveCfg = Release|Any CPU
		{CE01EE57-4A09-43E6-8C27-B887E10A8AB4}.Release|Any CPU.Build.0 = Release|Any CPU
		{F7AA208C-D377-4638-8C81-C91840563DA9}.Debug|Any CPU.ActiveCfg = Debug|Any CPU
		{F7AA208C-D377-4638-8C81-C91840563DA9}.Debug|Any CPU.Build.0 = Debug|Any CPU
		{F7AA208C-D377-4638-8C81-C91840563DA9}.Release|Any CPU.ActiveCfg = Release|Any CPU
		{F7AA208C-D377-4638-8C81-C91840563DA9}.Release|Any CPU.Build.0 = Release|Any CPU
		{F9407C2A-9B71-4EF7-A65C-7BA8FE9561F0}.Debug|Any CPU.ActiveCfg = Debug|Any CPU
		{F9407C2A-9B71-4EF7-A65C-7BA8FE9561F0}.Debug|Any CPU.Build.0 = Debug|Any CPU
		{F9407C2A-9B71-4EF7-A65C-7BA8FE9561F0}.Release|Any CPU.ActiveCfg = Release|Any CPU
		{F9407C2A-9B71-4EF7-A65C-7BA8FE9561F0}.Release|Any CPU.Build.0 = Release|Any CPU
	EndGlobalSection
	GlobalSection(NestedProjects) = preSolution
		{BEC44B99-0E2D-4F67-BD42-642892B75804} = {4CDC947E-C0E8-474F-8878-C80C67297876}
		{B7271B14-AC6F-40E8-9E33-E88244B23E00} = {4CDC947E-C0E8-474F-8878-C80C67297876}
		{28082FF0-BAC2-4FE1-B25B-B5DFC56634F0} = {4CDC947E-C0E8-474F-8878-C80C67297876}
		{97F39B73-8899-4F18-B4BB-E575926765DA} = {4CDC947E-C0E8-474F-8878-C80C67297876}
		{0DF503D9-35CC-4335-A3A4-78C70761EEAB} = {20217E3C-05DB-42AB-8CD4-EBDD97AAF29B}
		{CE01EE57-4A09-43E6-8C27-B887E10A8AB4} = {20217E3C-05DB-42AB-8CD4-EBDD97AAF29B}
		{F7AA208C-D377-4638-8C81-C91840563DA9} = {20217E3C-05DB-42AB-8CD4-EBDD97AAF29B}
		{F9407C2A-9B71-4EF7-A65C-7BA8FE9561F0} = {20217E3C-05DB-42AB-8CD4-EBDD97AAF29B}
	EndGlobalSection
EndGlobal
